
Microsoft Visual Studio Solution File, Format Version 12.00
# Visual Studio Version 16
VisualStudioVersion = 16.0.30804.86
MinimumVisualStudioVersion = 10.0.40219.1
Project("{FAE04EC0-301F-11D3-BF4B-00C04F79EFBC}") = "HaatosWorldTool", "HaatosWorldTool\HaatosWorldTool.csproj", "{B038074C-B65E-4F1D-922A-22D734DDB59C}"
EndProject
Project("{8BC9CEB8-8B4A-11D0-8D11-00A0C91BC942}") = "HaatosNativeTools", "HaatosNativeTools\HaatosNativeTools.vcxproj", "{80ABD0FD-6453-4048-9D9B-5B9A78315E44}"
EndProject
Global
	GlobalSection(SolutionConfigurationPlatforms) = preSolution
		Debug|Any CPU = Debug|Any CPU
		Debug|x64 = Debug|x64
		Debug|x86 = Debug|x86
		Release|Any CPU = Release|Any CPU
		Release|x64 = Release|x64
		Release|x86 = Release|x86
	EndGlobalSection
	GlobalSection(ProjectConfigurationPlatforms) = postSolution
		{B038074C-B65E-4F1D-922A-22D734DDB59C}.Debug|Any CPU.ActiveCfg = Debug|Any CPU
		{B038074C-B65E-4F1D-922A-22D734DDB59C}.Debug|Any CPU.Build.0 = Debug|Any CPU
		{B038074C-B65E-4F1D-922A-22D734DDB59C}.Debug|x64.ActiveCfg = Debug|x64
		{B038074C-B65E-4F1D-922A-22D734DDB59C}.Debug|x64.Build.0 = Debug|x64
		{B038074C-B65E-4F1D-922A-22D734DDB59C}.Debug|x86.ActiveCfg = Debug|Any CPU
		{B038074C-B65E-4F1D-922A-22D734DDB59C}.Debug|x86.Build.0 = Debug|Any CPU
		{B038074C-B65E-4F1D-922A-22D734DDB59C}.Release|Any CPU.ActiveCfg = Release|Any CPU
		{B038074C-B65E-4F1D-922A-22D734DDB59C}.Release|Any CPU.Build.0 = Release|Any CPU
		{B038074C-B65E-4F1D-922A-22D734DDB59C}.Release|x64.ActiveCfg = Release|x64
		{B038074C-B65E-4F1D-922A-22D734DDB59C}.Release|x64.Build.0 = Release|x64
		{B038074C-B65E-4F1D-922A-22D734DDB59C}.Release|x86.ActiveCfg = Release|Any CPU
		{B038074C-B65E-4F1D-922A-22D734DDB59C}.Release|x86.Build.0 = Release|Any CPU
		{80ABD0FD-6453-4048-9D9B-5B9A78315E44}.Debug|Any CPU.ActiveCfg = Debug|Win32
		{80ABD0FD-6453-4048-9D9B-5B9A78315E44}.Debug|x64.ActiveCfg = Debug|x64
		{80ABD0FD-6453-4048-9D9B-5B9A78315E44}.Debug|x64.Build.0 = Debug|x64
		{80ABD0FD-6453-4048-9D9B-5B9A78315E44}.Debug|x86.ActiveCfg = Debug|Win32
		{80ABD0FD-6453-4048-9D9B-5B9A78315E44}.Debug|x86.Build.0 = Debug|Win32
		{80ABD0FD-6453-4048-9D9B-5B9A78315E44}.Release|Any CPU.ActiveCfg = Release|Win32
		{80ABD0FD-6453-4048-9D9B-5B9A78315E44}.Release|x64.ActiveCfg = Release|x64
		{80ABD0FD-6453-4048-9D9B-5B9A78315E44}.Release|x64.Build.0 = Release|x64
		{80ABD0FD-6453-4048-9D9B-5B9A78315E44}.Release|x86.ActiveCfg = Release|Win32
		{80ABD0FD-6453-4048-9D9B-5B9A78315E44}.Release|x86.Build.0 = Release|Win32
	EndGlobalSection
	GlobalSection(SolutionProperties) = preSolution
		HideSolutionNode = FALSE
	EndGlobalSection
	GlobalSection(ExtensibilityGlobals) = postSolution
		SolutionGuid = {3A225B49-14E0-47D1-BEA9-C2D1D387A7F9}
	EndGlobalSection
EndGlobal
